
Microsoft Visual Studio Solution File, Format Version 12.00
# Visual Studio Version 16
VisualStudioVersion = 16.0.28803.352
MinimumVisualStudioVersion = 10.0.40219.1
Project("{8BC9CEB8-8B4A-11D0-8D11-00A0C91BC942}") = "1-Introduccion", "1-Introduccion\1-Introduccion.vcxproj", "{AC12B5F2-26DA-4A94-97E8-CB0E3109140C}"
EndProject
Project("{2150E333-8FDC-42A3-9474-1A3956D46DE8}") = "Solution Files", "Solution Files", "{AA1F7DCD-AD58-481F-8A48-C438725352EF}"
	ProjectSection(SolutionItems) = preProject
		Compiler Reference.txt = Compiler Reference.txt
		README.md = README.md
		References.txt = References.txt
	EndProjectSection
EndProject
Project("{2150E333-8FDC-42A3-9474-1A3956D46DE8}") = "Glut", "Glut", "{930C7E00-5095-4442-85F5-4F23A4E7454B}"
	ProjectSection(SolutionItems) = preProject
		Glut\glut.h = Glut\glut.h
		Glut\glut32.dll = Glut\glut32.dll
		Glut\glut32.lib = Glut\glut32.lib
	EndProjectSection
EndProject
Project("{8BC9CEB8-8B4A-11D0-8D11-00A0C91BC942}") = "2-PrimitivasBasicas", "2-PrimitivasBasicas\2-PrimitivasBasicas.vcxproj", "{66B7F517-4DC3-48CA-B614-3892AF68DB59}"
EndProject
Project("{8BC9CEB8-8B4A-11D0-8D11-00A0C91BC942}") = "3-Transformaciones", "3-Transformaciones\3-Transformaciones.vcxproj", "{217A21EC-FB1B-4B9B-B3AE-D9B53356EDC0}"
EndProject
Project("{8BC9CEB8-8B4A-11D0-8D11-00A0C91BC942}") = "OpenGL.Constants", "OpenGL.Constants\OpenGL.Constants.vcxproj", "{F3631446-2D68-4ABD-BDDA-A24A1C4DA4BB}"
EndProject
Project("{8BC9CEB8-8B4A-11D0-8D11-00A0C91BC942}") = "1-1-Practicas", "1-1-Practicas\1-1-Practicas.vcxproj", "{2CBE5F26-82F3-4926-ABC4-43F263CCF08C}"
EndProject
Project("{8BC9CEB8-8B4A-11D0-8D11-00A0C91BC942}") = "2-1-Lines-1", "2-1-Lines-1\2-1-Lines-1.vcxproj", "{1E07893B-CCE4-46C7-B33C-FFFC05A86A5C}"
EndProject
Project("{8BC9CEB8-8B4A-11D0-8D11-00A0C91BC942}") = "2-2-Triangles-1", "2-2-Triangles-1\2-2-Triangles-1.vcxproj", "{B485AF99-A42E-4B26-8932-D9272704F406}"
EndProject
Global
	GlobalSection(SolutionConfigurationPlatforms) = preSolution
		Debug|x64 = Debug|x64
		Debug|x86 = Debug|x86
		Release|x64 = Release|x64
		Release|x86 = Release|x86
	EndGlobalSection
	GlobalSection(ProjectConfigurationPlatforms) = postSolution
		{AC12B5F2-26DA-4A94-97E8-CB0E3109140C}.Debug|x64.ActiveCfg = Debug|x64
		{AC12B5F2-26DA-4A94-97E8-CB0E3109140C}.Debug|x64.Build.0 = Debug|x64
		{AC12B5F2-26DA-4A94-97E8-CB0E3109140C}.Debug|x86.ActiveCfg = Debug|Win32
		{AC12B5F2-26DA-4A94-97E8-CB0E3109140C}.Debug|x86.Build.0 = Debug|Win32
		{AC12B5F2-26DA-4A94-97E8-CB0E3109140C}.Release|x64.ActiveCfg = Release|x64
		{AC12B5F2-26DA-4A94-97E8-CB0E3109140C}.Release|x64.Build.0 = Release|x64
		{AC12B5F2-26DA-4A94-97E8-CB0E3109140C}.Release|x86.ActiveCfg = Release|Win32
		{AC12B5F2-26DA-4A94-97E8-CB0E3109140C}.Release|x86.Build.0 = Release|Win32
		{66B7F517-4DC3-48CA-B614-3892AF68DB59}.Debug|x64.ActiveCfg = Debug|x64
		{66B7F517-4DC3-48CA-B614-3892AF68DB59}.Debug|x64.Build.0 = Debug|x64
		{66B7F517-4DC3-48CA-B614-3892AF68DB59}.Debug|x86.ActiveCfg = Debug|Win32
		{66B7F517-4DC3-48CA-B614-3892AF68DB59}.Debug|x86.Build.0 = Debug|Win32
		{66B7F517-4DC3-48CA-B614-3892AF68DB59}.Release|x64.ActiveCfg = Release|x64
		{66B7F517-4DC3-48CA-B614-3892AF68DB59}.Release|x64.Build.0 = Release|x64
		{66B7F517-4DC3-48CA-B614-3892AF68DB59}.Release|x86.ActiveCfg = Release|Win32
		{66B7F517-4DC3-48CA-B614-3892AF68DB59}.Release|x86.Build.0 = Release|Win32
		{217A21EC-FB1B-4B9B-B3AE-D9B53356EDC0}.Debug|x64.ActiveCfg = Debug|x64
		{217A21EC-FB1B-4B9B-B3AE-D9B53356EDC0}.Debug|x64.Build.0 = Debug|x64
		{217A21EC-FB1B-4B9B-B3AE-D9B53356EDC0}.Debug|x86.ActiveCfg = Debug|Win32
		{217A21EC-FB1B-4B9B-B3AE-D9B53356EDC0}.Debug|x86.Build.0 = Debug|Win32
		{217A21EC-FB1B-4B9B-B3AE-D9B53356EDC0}.Release|x64.ActiveCfg = Release|x64
		{217A21EC-FB1B-4B9B-B3AE-D9B53356EDC0}.Release|x64.Build.0 = Release|x64
		{217A21EC-FB1B-4B9B-B3AE-D9B53356EDC0}.Release|x86.ActiveCfg = Release|Win32
		{217A21EC-FB1B-4B9B-B3AE-D9B53356EDC0}.Release|x86.Build.0 = Release|Win32
		{F3631446-2D68-4ABD-BDDA-A24A1C4DA4BB}.Debug|x64.ActiveCfg = Debug|x64
		{F3631446-2D68-4ABD-BDDA-A24A1C4DA4BB}.Debug|x64.Build.0 = Debug|x64
		{F3631446-2D68-4ABD-BDDA-A24A1C4DA4BB}.Debug|x86.ActiveCfg = Debug|Win32
		{F3631446-2D68-4ABD-BDDA-A24A1C4DA4BB}.Debug|x86.Build.0 = Debug|Win32
		{F3631446-2D68-4ABD-BDDA-A24A1C4DA4BB}.Release|x64.ActiveCfg = Release|x64
		{F3631446-2D68-4ABD-BDDA-A24A1C4DA4BB}.Release|x64.Build.0 = Release|x64
		{F3631446-2D68-4ABD-BDDA-A24A1C4DA4BB}.Release|x86.ActiveCfg = Release|Win32
		{F3631446-2D68-4ABD-BDDA-A24A1C4DA4BB}.Release|x86.Build.0 = Release|Win32
		{2CBE5F26-82F3-4926-ABC4-43F263CCF08C}.Debug|x64.ActiveCfg = Debug|x64
		{2CBE5F26-82F3-4926-ABC4-43F263CCF08C}.Debug|x64.Build.0 = Debug|x64
		{2CBE5F26-82F3-4926-ABC4-43F263CCF08C}.Debug|x86.ActiveCfg = Debug|Win32
		{2CBE5F26-82F3-4926-ABC4-43F263CCF08C}.Debug|x86.Build.0 = Debug|Win32
		{2CBE5F26-82F3-4926-ABC4-43F263CCF08C}.Release|x64.ActiveCfg = Release|x64
		{2CBE5F26-82F3-4926-ABC4-43F263CCF08C}.Release|x64.Build.0 = Release|x64
		{2CBE5F26-82F3-4926-ABC4-43F263CCF08C}.Release|x86.ActiveCfg = Release|Win32
		{2CBE5F26-82F3-4926-ABC4-43F263CCF08C}.Release|x86.Build.0 = Release|Win32
		{1E07893B-CCE4-46C7-B33C-FFFC05A86A5C}.Debug|x64.ActiveCfg = Debug|x64
		{1E07893B-CCE4-46C7-B33C-FFFC05A86A5C}.Debug|x64.Build.0 = Debug|x64
		{1E07893B-CCE4-46C7-B33C-FFFC05A86A5C}.Debug|x86.ActiveCfg = Debug|Win32
		{1E07893B-CCE4-46C7-B33C-FFFC05A86A5C}.Debug|x86.Build.0 = Debug|Win32
		{1E07893B-CCE4-46C7-B33C-FFFC05A86A5C}.Release|x64.ActiveCfg = Release|x64
		{1E07893B-CCE4-46C7-B33C-FFFC05A86A5C}.Release|x64.Build.0 = Release|x64
		{1E07893B-CCE4-46C7-B33C-FFFC05A86A5C}.Release|x86.ActiveCfg = Release|Win32
		{1E07893B-CCE4-46C7-B33C-FFFC05A86A5C}.Release|x86.Build.0 = Release|Win32
		{B485AF99-A42E-4B26-8932-D9272704F406}.Debug|x64.ActiveCfg = Debug|x64
		{B485AF99-A42E-4B26-8932-D9272704F406}.Debug|x64.Build.0 = Debug|x64
		{B485AF99-A42E-4B26-8932-D9272704F406}.Debug|x86.ActiveCfg = Debug|Win32
		{B485AF99-A42E-4B26-8932-D9272704F406}.Debug|x86.Build.0 = Debug|Win32
		{B485AF99-A42E-4B26-8932-D9272704F406}.Release|x64.ActiveCfg = Release|x64
		{B485AF99-A42E-4B26-8932-D9272704F406}.Release|x64.Build.0 = Release|x64
		{B485AF99-A42E-4B26-8932-D9272704F406}.Release|x86.ActiveCfg = Release|Win32
		{B485AF99-A42E-4B26-8932-D9272704F406}.Release|x86.Build.0 = Release|Win32
	EndGlobalSection
	GlobalSection(SolutionProperties) = preSolution
		HideSolutionNode = FALSE
	EndGlobalSection
	GlobalSection(NestedProjects) = preSolution
		{930C7E00-5095-4442-85F5-4F23A4E7454B} = {AA1F7DCD-AD58-481F-8A48-C438725352EF}
	EndGlobalSection
	GlobalSection(ExtensibilityGlobals) = postSolution
		SolutionGuid = {E676A9E0-ABB0-4C30-BCAC-E64E9788E086}
	EndGlobalSection
EndGlobal
